
Microsoft Visual Studio Solution File, Format Version 12.00
# Visual Studio Version 17
VisualStudioVersion = 17.4.33403.182
MinimumVisualStudioVersion = 10.0.40219.1
Project("{9A19103F-16F7-4668-BE54-9A1E7A4F7556}") = "WebApi", "WebApi\WebApi.csproj", "{B116E6E9-C6A3-4B94-ABE9-AE3CD1F579A2}"
EndProject
Project("{9A19103F-16F7-4668-BE54-9A1E7A4F7556}") = "BusinessLogic", "BusinessLogic\BusinessLogic.csproj", "{EDD4AEB0-8CA8-4661-97D8-5F6245EFFB2C}"
EndProject
Project("{9A19103F-16F7-4668-BE54-9A1E7A4F7556}") = "DataAccessMD", "DataAccessMD\DataAccessMD.csproj", "{43EE2035-02B3-481C-8A9C-5D03D720DB1D}"
EndProject
Project("{9A19103F-16F7-4668-BE54-9A1E7A4F7556}") = "DataAccessMS", "DataAccessMS\DataAccessMS.csproj", "{EF9D6D06-CF6D-421E-8C4C-74177F2387DE}"
EndProject
Project("{9A19103F-16F7-4668-BE54-9A1E7A4F7556}") = "Interfaces", "Interfaces\Interfaces.csproj", "{A6384A1F-1B62-40D4-984E-2DB10F0C3E9B}"
EndProject
Project("{9A19103F-16F7-4668-BE54-9A1E7A4F7556}") = "Models", "Models\Models.csproj", "{250140E1-AB44-425F-9959-13EB32128DCB}"
EndProject
Project("{FAE04EC0-301F-11D3-BF4B-00C04F79EFBC}") = "IntegrationTest", "IntegrationTest\IntegrationTest.csproj", "{8763B48F-1F38-4FCF-B6EA-407B1CA71C99}"
EndProject
Global
	GlobalSection(SolutionConfigurationPlatforms) = preSolution
		Debug|Any CPU = Debug|Any CPU
		Release|Any CPU = Release|Any CPU
	EndGlobalSection
	GlobalSection(ProjectConfigurationPlatforms) = postSolution
		{B116E6E9-C6A3-4B94-ABE9-AE3CD1F579A2}.Debug|Any CPU.ActiveCfg = Debug|Any CPU
		{B116E6E9-C6A3-4B94-ABE9-AE3CD1F579A2}.Debug|Any CPU.Build.0 = Debug|Any CPU
		{B116E6E9-C6A3-4B94-ABE9-AE3CD1F579A2}.Release|Any CPU.ActiveCfg = Release|Any CPU
		{B116E6E9-C6A3-4B94-ABE9-AE3CD1F579A2}.Release|Any CPU.Build.0 = Release|Any CPU
		{EDD4AEB0-8CA8-4661-97D8-5F6245EFFB2C}.Debug|Any CPU.ActiveCfg = Debug|Any CPU
		{EDD4AEB0-8CA8-4661-97D8-5F6245EFFB2C}.Debug|Any CPU.Build.0 = Debug|Any CPU
		{EDD4AEB0-8CA8-4661-97D8-5F6245EFFB2C}.Release|Any CPU.ActiveCfg = Release|Any CPU
		{EDD4AEB0-8CA8-4661-97D8-5F6245EFFB2C}.Release|Any CPU.Build.0 = Release|Any CPU
		{43EE2035-02B3-481C-8A9C-5D03D720DB1D}.Debug|Any CPU.ActiveCfg = Debug|Any CPU
		{43EE2035-02B3-481C-8A9C-5D03D720DB1D}.Debug|Any CPU.Build.0 = Debug|Any CPU
		{43EE2035-02B3-481C-8A9C-5D03D720DB1D}.Release|Any CPU.ActiveCfg = Release|Any CPU
		{43EE2035-02B3-481C-8A9C-5D03D720DB1D}.Release|Any CPU.Build.0 = Release|Any CPU
		{EF9D6D06-CF6D-421E-8C4C-74177F2387DE}.Debug|Any CPU.ActiveCfg = Debug|Any CPU
		{EF9D6D06-CF6D-421E-8C4C-74177F2387DE}.Debug|Any CPU.Build.0 = Debug|Any CPU
		{EF9D6D06-CF6D-421E-8C4C-74177F2387DE}.Release|Any CPU.ActiveCfg = Release|Any CPU
		{EF9D6D06-CF6D-421E-8C4C-74177F2387DE}.Release|Any CPU.Build.0 = Release|Any CPU
		{A6384A1F-1B62-40D4-984E-2DB10F0C3E9B}.Debug|Any CPU.ActiveCfg = Debug|Any CPU
		{A6384A1F-1B62-40D4-984E-2DB10F0C3E9B}.Debug|Any CPU.Build.0 = Debug|Any CPU
		{A6384A1F-1B62-40D4-984E-2DB10F0C3E9B}.Release|Any CPU.ActiveCfg = Release|Any CPU
		{A6384A1F-1B62-40D4-984E-2DB10F0C3E9B}.Release|Any CPU.Build.0 = Release|Any CPU
		{250140E1-AB44-425F-9959-13EB32128DCB}.Debug|Any CPU.ActiveCfg = Debug|Any CPU
		{250140E1-AB44-425F-9959-13EB32128DCB}.Debug|Any CPU.Build.0 = Debug|Any CPU
		{250140E1-AB44-425F-9959-13EB32128DCB}.Release|Any CPU.ActiveCfg = Release|Any CPU
		{250140E1-AB44-425F-9959-13EB32128DCB}.Release|Any CPU.Build.0 = Release|Any CPU
		{8763B48F-1F38-4FCF-B6EA-407B1CA71C99}.Debug|Any CPU.ActiveCfg = Debug|Any CPU
		{8763B48F-1F38-4FCF-B6EA-407B1CA71C99}.Debug|Any CPU.Build.0 = Debug|Any CPU
		{8763B48F-1F38-4FCF-B6EA-407B1CA71C99}.Release|Any CPU.ActiveCfg = Release|Any CPU
		{8763B48F-1F38-4FCF-B6EA-407B1CA71C99}.Release|Any CPU.Build.0 = Release|Any CPU
	EndGlobalSection
	GlobalSection(SolutionProperties) = preSolution
		HideSolutionNode = FALSE
	EndGlobalSection
	GlobalSection(ExtensibilityGlobals) = postSolution
		SolutionGuid = {42B9A16A-E705-4C60-B4C2-137893CCFA23}
	EndGlobalSection
EndGlobal
