
Microsoft Visual Studio Solution File, Format Version 12.00
# Visual Studio Version 17
VisualStudioVersion = 17.4.33403.182
MinimumVisualStudioVersion = 10.0.40219.1
Project("{FAE04EC0-301F-11D3-BF4B-00C04F79EFBC}") = "WebApi", "WebApi\WebApi.csproj", "{B116E6E9-C6A3-4B94-ABE9-AE3CD1F579A2}"
EndProject
Global
	GlobalSection(SolutionConfigurationPlatforms) = preSolution
		Debug|Any CPU = Debug|Any CPU
		Release|Any CPU = Release|Any CPU
	EndGlobalSection
	GlobalSection(ProjectConfigurationPlatforms) = postSolution
		{B116E6E9-C6A3-4B94-ABE9-AE3CD1F579A2}.Debug|Any CPU.ActiveCfg = Debug|Any CPU
		{B116E6E9-C6A3-4B94-ABE9-AE3CD1F579A2}.Debug|Any CPU.Build.0 = Debug|Any CPU
		{B116E6E9-C6A3-4B94-ABE9-AE3CD1F579A2}.Release|Any CPU.ActiveCfg = Release|Any CPU
		{B116E6E9-C6A3-4B94-ABE9-AE3CD1F579A2}.Release|Any CPU.Build.0 = Release|Any CPU
	EndGlobalSection
	GlobalSection(SolutionProperties) = preSolution
		HideSolutionNode = FALSE
	EndGlobalSection
	GlobalSection(ExtensibilityGlobals) = postSolution
		SolutionGuid = {42B9A16A-E705-4C60-B4C2-137893CCFA23}
	EndGlobalSection
EndGlobal
