
Microsoft Visual Studio Solution File, Format Version 12.00
# Visual Studio Version 17
VisualStudioVersion = 17.4.33403.182
MinimumVisualStudioVersion = 10.0.40219.1
Project("{9A19103F-16F7-4668-BE54-9A1E7A4F7556}") = "WebApi", "WebApi\WebApi.csproj", "{B116E6E9-C6A3-4B94-ABE9-AE3CD1F579A2}"
EndProject
Project("{FAE04EC0-301F-11D3-BF4B-00C04F79EFBC}") = "IntegrationTest", "IntegrationTest\IntegrationTest.csproj", "{8763B48F-1F38-4FCF-B6EA-407B1CA71C99}"
EndProject
Project("{FAE04EC0-301F-11D3-BF4B-00C04F79EFBC}") = "WebApi.Application", "WebApi.Application\WebApi.Application.csproj", "{4B75C124-FCF5-48D4-8627-73B8F4C80C61}"
EndProject
Project("{FAE04EC0-301F-11D3-BF4B-00C04F79EFBC}") = "WebApi.IntegrationTests", "WebApi.IntegrationTests\WebApi.IntegrationTests.csproj", "{B15C8DFF-804D-4AA9-A020-70C4C1C8B861}"
EndProject
Global
	GlobalSection(SolutionConfigurationPlatforms) = preSolution
		Debug|Any CPU = Debug|Any CPU
		Release|Any CPU = Release|Any CPU
	EndGlobalSection
	GlobalSection(ProjectConfigurationPlatforms) = postSolution
		{B116E6E9-C6A3-4B94-ABE9-AE3CD1F579A2}.Debug|Any CPU.ActiveCfg = Debug|Any CPU
		{B116E6E9-C6A3-4B94-ABE9-AE3CD1F579A2}.Debug|Any CPU.Build.0 = Debug|Any CPU
		{B116E6E9-C6A3-4B94-ABE9-AE3CD1F579A2}.Release|Any CPU.ActiveCfg = Release|Any CPU
		{B116E6E9-C6A3-4B94-ABE9-AE3CD1F579A2}.Release|Any CPU.Build.0 = Release|Any CPU
		{8763B48F-1F38-4FCF-B6EA-407B1CA71C99}.Debug|Any CPU.ActiveCfg = Debug|Any CPU
		{8763B48F-1F38-4FCF-B6EA-407B1CA71C99}.Debug|Any CPU.Build.0 = Debug|Any CPU
		{8763B48F-1F38-4FCF-B6EA-407B1CA71C99}.Release|Any CPU.ActiveCfg = Release|Any CPU
		{8763B48F-1F38-4FCF-B6EA-407B1CA71C99}.Release|Any CPU.Build.0 = Release|Any CPU
		{4B75C124-FCF5-48D4-8627-73B8F4C80C61}.Debug|Any CPU.ActiveCfg = Debug|Any CPU
		{4B75C124-FCF5-48D4-8627-73B8F4C80C61}.Debug|Any CPU.Build.0 = Debug|Any CPU
		{4B75C124-FCF5-48D4-8627-73B8F4C80C61}.Release|Any CPU.ActiveCfg = Release|Any CPU
		{4B75C124-FCF5-48D4-8627-73B8F4C80C61}.Release|Any CPU.Build.0 = Release|Any CPU
		{B15C8DFF-804D-4AA9-A020-70C4C1C8B861}.Debug|Any CPU.ActiveCfg = Debug|Any CPU
		{B15C8DFF-804D-4AA9-A020-70C4C1C8B861}.Debug|Any CPU.Build.0 = Debug|Any CPU
		{B15C8DFF-804D-4AA9-A020-70C4C1C8B861}.Release|Any CPU.ActiveCfg = Release|Any CPU
		{B15C8DFF-804D-4AA9-A020-70C4C1C8B861}.Release|Any CPU.Build.0 = Release|Any CPU
	EndGlobalSection
	GlobalSection(SolutionProperties) = preSolution
		HideSolutionNode = FALSE
	EndGlobalSection
	GlobalSection(ExtensibilityGlobals) = postSolution
		SolutionGuid = {42B9A16A-E705-4C60-B4C2-137893CCFA23}
	EndGlobalSection
EndGlobal
